
Microsoft Visual Studio Solution File, Format Version 12.00
# Visual Studio Version 17
VisualStudioVersion = 17.13.35806.99 d17.13
MinimumVisualStudioVersion = 10.0.40219.1
Project("{FAE04EC0-301F-11D3-BF4B-00C04F79EFBC}") = "Collector game", "Collector game\Collector game.csproj", "{9E0B646A-7935-41B6-B6C5-1AE38C9FE756}"
EndProject
Global
	GlobalSection(SolutionConfigurationPlatforms) = preSolution
		Debug|Any CPU = Debug|Any CPU
		Release|Any CPU = Release|Any CPU
	EndGlobalSection
	GlobalSection(ProjectConfigurationPlatforms) = postSolution
		{9E0B646A-7935-41B6-B6C5-1AE38C9FE756}.Debug|Any CPU.ActiveCfg = Debug|Any CPU
		{9E0B646A-7935-41B6-B6C5-1AE38C9FE756}.Debug|Any CPU.Build.0 = Debug|Any CPU
		{9E0B646A-7935-41B6-B6C5-1AE38C9FE756}.Release|Any CPU.ActiveCfg = Release|Any CPU
		{9E0B646A-7935-41B6-B6C5-1AE38C9FE756}.Release|Any CPU.Build.0 = Release|Any CPU
	EndGlobalSection
	GlobalSection(SolutionProperties) = preSolution
		HideSolutionNode = FALSE
	EndGlobalSection
	GlobalSection(ExtensibilityGlobals) = postSolution
		SolutionGuid = {72E2963A-1CC8-425B-95EF-202700F571B7}
	EndGlobalSection
EndGlobal
